{
  "name": "janusweb",
  "version": "1.5.42",
  "lockfileVersion": 2,
  "requires": true,
  "packages": {
    "": {
      "name": "janusweb",
      "version": "1.5.42",
      "hasInstallScript": true,
      "license": "MIT",
      "dependencies": {
        "elation": "^2.3.19",
        "elation-engine": "^0.9.114",
        "uglify-es": "*"
      }
    },
    "node_modules/commander": {
      "version": "2.13.0",
      "resolved": "https://registry.npmjs.org/commander/-/commander-2.13.0.tgz",
      "integrity": "sha512-MVuS359B+YzaWqjCL/c+22gfryv+mCBPHAv3zyVI2GN8EY6IRP8VwtasXn8jyyhvvq84R4ImN1OKRtcbIasjYA=="
    },
    "node_modules/cyclone-physics": {
      "version": "1.0.15",
      "resolved": "https://registry.npmjs.org/cyclone-physics/-/cyclone-physics-1.0.15.tgz",
      "integrity": "sha512-/8JxXjckxpw2uC+bIWCDB0yx0eDbE/Pze+r1/aiAf6z7rMsQbWezGrBbQ4bTpAm+cGTdvcjSpOOMZuFyOLHgKw==",
      "dependencies": {
        "elation": ">=2.0.0"
      }
    },
    "node_modules/elation": {
      "version": "2.3.19",
      "resolved": "https://registry.npmjs.org/elation/-/elation-2.3.19.tgz",
      "integrity": "sha512-uz3fGUNTLWOEjZaGnX1uBJrWmlPvi95gVzzAhCoY4GQ3SqMTAbtWPzF6dpCOYdK7VumTaT8VRYm7S0Bm3tTITA=="
    },
    "node_modules/elation-engine": {
      "version": "0.9.114",
      "resolved": "https://registry.npmjs.org/elation-engine/-/elation-engine-0.9.114.tgz",
      "integrity": "sha512-HEFrDlemj/Rm6cBe+jfxJ3t81DpGGmgn1g9n1nSOKhz09qZ+ebes8qDdD84RtZwNPkuZIdsNoQKAa9K9nXd1bg==",
      "dependencies": {
        "cyclone-physics": "*",
        "elation": ">=2.2.10",
        "elation-share": "*"
      }
    },
    "node_modules/elation-share": {
      "version": "1.0.9",
      "resolved": "https://registry.npmjs.org/elation-share/-/elation-share-1.0.9.tgz",
      "integrity": "sha512-N49KWmMfGNR3+z1hcE/w0OZPQK5TY6yEL5XN/vfjhMIrMpCp/FNY2OGfItvZ3L4KA/HyB+8GD7Am7B7STSvU+A==",
      "dependencies": {
        "elation": ">=2.0.0"
      }
    },
    "node_modules/source-map": {
      "version": "0.6.1",
      "resolved": "https://registry.npmjs.org/source-map/-/source-map-0.6.1.tgz",
      "integrity": "sha512-UjgapumWlbMhkBgzT7Ykc5YXUT46F0iKu8SGXq0bcwP5dz/h0Plj6enJqjz1Zbq2l5WaqYnrVbwWOWMyF3F47g==",
      "engines": {
        "node": ">=0.10.0"
      }
    },
    "node_modules/uglify-es": {
      "version": "3.3.9",
      "resolved": "https://registry.npmjs.org/uglify-es/-/uglify-es-3.3.9.tgz",
      "integrity": "sha512-r+MU0rfv4L/0eeW3xZrd16t4NZfK8Ld4SWVglYBb7ez5uXFWHuVRs6xCTrf1yirs9a4j4Y27nn7SRfO6v67XsQ==",
      "deprecated": "support for ECMAScript is superseded by `uglify-js` as of v3.13.0",
      "dependencies": {
        "commander": "~2.13.0",
        "source-map": "~0.6.1"
      },
      "bin": {
        "uglifyjs": "bin/uglifyjs"
      },
      "engines": {
        "node": ">=0.8.0"
      }
    }
  },
  "dependencies": {
    "commander": {
      "version": "2.13.0",
      "resolved": "https://registry.npmjs.org/commander/-/commander-2.13.0.tgz",
      "integrity": "sha512-MVuS359B+YzaWqjCL/c+22gfryv+mCBPHAv3zyVI2GN8EY6IRP8VwtasXn8jyyhvvq84R4ImN1OKRtcbIasjYA=="
    },
    "cyclone-physics": {
      "version": "1.0.15",
      "resolved": "https://registry.npmjs.org/cyclone-physics/-/cyclone-physics-1.0.15.tgz",
      "integrity": "sha512-/8JxXjckxpw2uC+bIWCDB0yx0eDbE/Pze+r1/aiAf6z7rMsQbWezGrBbQ4bTpAm+cGTdvcjSpOOMZuFyOLHgKw==",
      "requires": {
        "elation": ">=2.0.0"
      }
    },
    "elation": {
      "version": "2.3.19",
      "resolved": "https://registry.npmjs.org/elation/-/elation-2.3.19.tgz",
      "integrity": "sha512-uz3fGUNTLWOEjZaGnX1uBJrWmlPvi95gVzzAhCoY4GQ3SqMTAbtWPzF6dpCOYdK7VumTaT8VRYm7S0Bm3tTITA=="
    },
    "elation-engine": {
      "version": "0.9.114",
      "resolved": "https://registry.npmjs.org/elation-engine/-/elation-engine-0.9.114.tgz",
      "integrity": "sha512-HEFrDlemj/Rm6cBe+jfxJ3t81DpGGmgn1g9n1nSOKhz09qZ+ebes8qDdD84RtZwNPkuZIdsNoQKAa9K9nXd1bg==",
      "requires": {
        "cyclone-physics": "*",
        "elation": ">=2.2.10",
        "elation-share": "*"
      }
    },
    "elation-share": {
      "version": "1.0.9",
      "resolved": "https://registry.npmjs.org/elation-share/-/elation-share-1.0.9.tgz",
      "integrity": "sha512-N49KWmMfGNR3+z1hcE/w0OZPQK5TY6yEL5XN/vfjhMIrMpCp/FNY2OGfItvZ3L4KA/HyB+8GD7Am7B7STSvU+A==",
      "requires": {
        "elation": ">=2.0.0"
      }
    },
    "source-map": {
      "version": "0.6.1",
      "resolved": "https://registry.npmjs.org/source-map/-/source-map-0.6.1.tgz",
      "integrity": "sha512-UjgapumWlbMhkBgzT7Ykc5YXUT46F0iKu8SGXq0bcwP5dz/h0Plj6enJqjz1Zbq2l5WaqYnrVbwWOWMyF3F47g=="
    },
    "uglify-es": {
      "version": "3.3.9",
      "resolved": "https://registry.npmjs.org/uglify-es/-/uglify-es-3.3.9.tgz",
      "integrity": "sha512-r+MU0rfv4L/0eeW3xZrd16t4NZfK8Ld4SWVglYBb7ez5uXFWHuVRs6xCTrf1yirs9a4j4Y27nn7SRfO6v67XsQ==",
      "requires": {
        "commander": "~2.13.0",
        "source-map": "~0.6.1"
      }
    }
  }
}
